// !$*UTF8*$!
{
	archiveVersion = 1;
	classes = {
	};
	objectVersion = 56;
	objects = {

/* Begin PBXBuildFile section */
		4E94B7DA29C6804600111AC0 /* NewProductViewController.swift in Sources */ = {isa = PBXBuildFile; fileRef = 4E94B7D929C6804600111AC0 /* NewProductViewController.swift */; };
		4E94B7DC29C681B700111AC0 /* SettingsViewController.swift in Sources */ = {isa = PBXBuildFile; fileRef = 4E94B7DB29C681B700111AC0 /* SettingsViewController.swift */; };
		4E94B7DF29C681CA00111AC0 /* ShoppingListViewController.swift in Sources */ = {isa = PBXBuildFile; fileRef = 4E94B7DE29C681CA00111AC0 /* ShoppingListViewController.swift */; };
		4E94B7E129C681DF00111AC0 /* ShoppingSummaryViewController.swift in Sources */ = {isa = PBXBuildFile; fileRef = 4E94B7E029C681DF00111AC0 /* ShoppingSummaryViewController.swift */; };
		4E94B7E429C68E7E00111AC0 /* UITableViewExtension.swift in Sources */ = {isa = PBXBuildFile; fileRef = 4E94B7E329C68E7E00111AC0 /* UITableViewExtension.swift */; };
		4E94B7E829C69EC500111AC0 /* ProductTableViewCell.swift in Sources */ = {isa = PBXBuildFile; fileRef = 4E94B7E729C69EC500111AC0 /* ProductTableViewCell.swift */; };
		4E94B7EC29C6A6BA00111AC0 /* ShoppingList.xcdatamodeld in Sources */ = {isa = PBXBuildFile; fileRef = 4E94B7EA29C6A6BA00111AC0 /* ShoppingList.xcdatamodeld */; };
		4E94B80429CD16A600111AC0 /* UIViewControllerExtension.swift in Sources */ = {isa = PBXBuildFile; fileRef = 4E94B80329CD16A600111AC0 /* UIViewControllerExtension.swift */; };
		4E94B80729CD19FA00111AC0 /* Validator.swift in Sources */ = {isa = PBXBuildFile; fileRef = 4E94B80629CD19FA00111AC0 /* Validator.swift */; };
		4E94B80929CD1A2F00111AC0 /* ProductValidator.swift in Sources */ = {isa = PBXBuildFile; fileRef = 4E94B80829CD1A2F00111AC0 /* ProductValidator.swift */; };
		4E94B80B29CD1A5300111AC0 /* StateValidator.swift in Sources */ = {isa = PBXBuildFile; fileRef = 4E94B80A29CD1A5300111AC0 /* StateValidator.swift */; };
		4E94B80F29CD1D8600111AC0 /* Alert.swift in Sources */ = {isa = PBXBuildFile; fileRef = 4E94B80E29CD1D8600111AC0 /* Alert.swift */; };
		4E94B81129CD349100111AC0 /* Entities.swift in Sources */ = {isa = PBXBuildFile; fileRef = 4E94B81029CD349100111AC0 /* Entities.swift */; };
		AF761E4029D49EB3008DB75F /* StateTableViewCell.swift in Sources */ = {isa = PBXBuildFile; fileRef = AF761E3F29D49EB3008DB75F /* StateTableViewCell.swift */; };
		D3603AC729C34C3000CE0825 /* AppDelegate.swift in Sources */ = {isa = PBXBuildFile; fileRef = D3603AC629C34C3000CE0825 /* AppDelegate.swift */; };
		D3603AC929C34C3000CE0825 /* SceneDelegate.swift in Sources */ = {isa = PBXBuildFile; fileRef = D3603AC829C34C3000CE0825 /* SceneDelegate.swift */; };
		D3603AD029C34C3200CE0825 /* Assets.xcassets in Resources */ = {isa = PBXBuildFile; fileRef = D3603ACF29C34C3200CE0825 /* Assets.xcassets */; };
		D387037E29C399CF004A8058 /* Main.storyboard in Resources */ = {isa = PBXBuildFile; fileRef = D387037D29C399CF004A8058 /* Main.storyboard */; };
		D387038029C39A59004A8058 /* LaunchScreen.storyboard in Resources */ = {isa = PBXBuildFile; fileRef = D387037F29C39A59004A8058 /* LaunchScreen.storyboard */; };
		D38703A829C3F39C004A8058 /* ToolbarPickerView.swift in Sources */ = {isa = PBXBuildFile; fileRef = D38703A729C3F39C004A8058 /* ToolbarPickerView.swift */; };
/* End PBXBuildFile section */

/* Begin PBXFileReference section */
		4E94B7D929C6804600111AC0 /* NewProductViewController.swift */ = {isa = PBXFileReference; lastKnownFileType = sourcecode.swift; path = NewProductViewController.swift; sourceTree = "<group>"; };
		4E94B7DB29C681B700111AC0 /* SettingsViewController.swift */ = {isa = PBXFileReference; lastKnownFileType = sourcecode.swift; path = SettingsViewController.swift; sourceTree = "<group>"; };
		4E94B7DE29C681CA00111AC0 /* ShoppingListViewController.swift */ = {isa = PBXFileReference; lastKnownFileType = sourcecode.swift; path = ShoppingListViewController.swift; sourceTree = "<group>"; };
		4E94B7E029C681DF00111AC0 /* ShoppingSummaryViewController.swift */ = {isa = PBXFileReference; lastKnownFileType = sourcecode.swift; path = ShoppingSummaryViewController.swift; sourceTree = "<group>"; };
		4E94B7E329C68E7E00111AC0 /* UITableViewExtension.swift */ = {isa = PBXFileReference; lastKnownFileType = sourcecode.swift; path = UITableViewExtension.swift; sourceTree = "<group>"; };
		4E94B7E729C69EC500111AC0 /* ProductTableViewCell.swift */ = {isa = PBXFileReference; lastKnownFileType = sourcecode.swift; path = ProductTableViewCell.swift; sourceTree = "<group>"; };
		4E94B7EB29C6A6BA00111AC0 /* ShoppingList.xcdatamodel */ = {isa = PBXFileReference; lastKnownFileType = wrapper.xcdatamodel; path = ShoppingList.xcdatamodel; sourceTree = "<group>"; };
		4E94B80329CD16A600111AC0 /* UIViewControllerExtension.swift */ = {isa = PBXFileReference; lastKnownFileType = sourcecode.swift; path = UIViewControllerExtension.swift; sourceTree = "<group>"; };
		4E94B80629CD19FA00111AC0 /* Validator.swift */ = {isa = PBXFileReference; lastKnownFileType = sourcecode.swift; path = Validator.swift; sourceTree = "<group>"; };
		4E94B80829CD1A2F00111AC0 /* ProductValidator.swift */ = {isa = PBXFileReference; lastKnownFileType = sourcecode.swift; path = ProductValidator.swift; sourceTree = "<group>"; };
		4E94B80A29CD1A5300111AC0 /* StateValidator.swift */ = {isa = PBXFileReference; lastKnownFileType = sourcecode.swift; path = StateValidator.swift; sourceTree = "<group>"; };
		4E94B80E29CD1D8600111AC0 /* Alert.swift */ = {isa = PBXFileReference; lastKnownFileType = sourcecode.swift; path = Alert.swift; sourceTree = "<group>"; };
		4E94B81029CD349100111AC0 /* Entities.swift */ = {isa = PBXFileReference; lastKnownFileType = sourcecode.swift; path = Entities.swift; sourceTree = "<group>"; };
		AF761E3F29D49EB3008DB75F /* StateTableViewCell.swift */ = {isa = PBXFileReference; lastKnownFileType = sourcecode.swift; path = StateTableViewCell.swift; sourceTree = "<group>"; };
		D3603AC329C34C3000CE0825 /* ComprasUSA.app */ = {isa = PBXFileReference; explicitFileType = wrapper.application; includeInIndex = 0; path = ComprasUSA.app; sourceTree = BUILT_PRODUCTS_DIR; };
		D3603AC629C34C3000CE0825 /* AppDelegate.swift */ = {isa = PBXFileReference; lastKnownFileType = sourcecode.swift; path = AppDelegate.swift; sourceTree = "<group>"; };
		D3603AC829C34C3000CE0825 /* SceneDelegate.swift */ = {isa = PBXFileReference; lastKnownFileType = sourcecode.swift; path = SceneDelegate.swift; sourceTree = "<group>"; };
		D3603ACF29C34C3200CE0825 /* Assets.xcassets */ = {isa = PBXFileReference; lastKnownFileType = folder.assetcatalog; path = Assets.xcassets; sourceTree = "<group>"; };
		D387037D29C399CF004A8058 /* Main.storyboard */ = {isa = PBXFileReference; fileEncoding = 4; lastKnownFileType = file.storyboard; path = Main.storyboard; sourceTree = "<group>"; };
		D387037F29C39A59004A8058 /* LaunchScreen.storyboard */ = {isa = PBXFileReference; fileEncoding = 4; lastKnownFileType = file.storyboard; path = LaunchScreen.storyboard; sourceTree = "<group>"; };
		D38703A729C3F39C004A8058 /* ToolbarPickerView.swift */ = {isa = PBXFileReference; lastKnownFileType = sourcecode.swift; path = ToolbarPickerView.swift; sourceTree = "<group>"; };
/* End PBXFileReference section */

/* Begin PBXFrameworksBuildPhase section */
		D3603AC029C34C3000CE0825 /* Frameworks */ = {
			isa = PBXFrameworksBuildPhase;
			buildActionMask = 2147483647;
			files = (
			);
			runOnlyForDeploymentPostprocessing = 0;
		};
/* End PBXFrameworksBuildPhase section */

/* Begin PBXGroup section */
		4E94B7D429C678C600111AC0 /* Models */ = {
			isa = PBXGroup;
			children = (
				4E94B81029CD349100111AC0 /* Entities.swift */,
			);
			path = Models;
			sourceTree = "<group>";
		};
		4E94B7E229C68E6900111AC0 /* Extensions */ = {
			isa = PBXGroup;
			children = (
				4E94B7E329C68E7E00111AC0 /* UITableViewExtension.swift */,
				4E94B80329CD16A600111AC0 /* UIViewControllerExtension.swift */,
			);
			path = Extensions;
			sourceTree = "<group>";
		};
		4E94B7E929C6A6A300111AC0 /* CoreData */ = {
			isa = PBXGroup;
			children = (
				4E94B7EA29C6A6BA00111AC0 /* ShoppingList.xcdatamodeld */,
			);
			path = CoreData;
			sourceTree = "<group>";
		};
		4E94B7ED29C7D15100111AC0 /* Shared */ = {
			isa = PBXGroup;
			children = (
				D3603AC629C34C3000CE0825 /* AppDelegate.swift */,
				D3603AC829C34C3000CE0825 /* SceneDelegate.swift */,
				D3603ACF29C34C3200CE0825 /* Assets.xcassets */,
				4E94B80E29CD1D8600111AC0 /* Alert.swift */,
			);
			path = Shared;
			sourceTree = "<group>";
		};
		4E94B80529CD19EA00111AC0 /* Validators */ = {
			isa = PBXGroup;
			children = (
				4E94B80629CD19FA00111AC0 /* Validator.swift */,
				4E94B80829CD1A2F00111AC0 /* ProductValidator.swift */,
				4E94B80A29CD1A5300111AC0 /* StateValidator.swift */,
			);
			path = Validators;
			sourceTree = "<group>";
		};
		D3603ABA29C34C3000CE0825 = {
			isa = PBXGroup;
			children = (
				D3603AC529C34C3000CE0825 /* ComprasUSA */,
				D3603AC429C34C3000CE0825 /* Products */,
			);
			sourceTree = "<group>";
		};
		D3603AC429C34C3000CE0825 /* Products */ = {
			isa = PBXGroup;
			children = (
				D3603AC329C34C3000CE0825 /* ComprasUSA.app */,
			);
			name = Products;
			sourceTree = "<group>";
		};
		D3603AC529C34C3000CE0825 /* ComprasUSA */ = {
			isa = PBXGroup;
			children = (
				4E94B80529CD19EA00111AC0 /* Validators */,
				4E94B7ED29C7D15100111AC0 /* Shared */,
				4E94B7E929C6A6A300111AC0 /* CoreData */,
				4E94B7E229C68E6900111AC0 /* Extensions */,
				4E94B7D429C678C600111AC0 /* Models */,
				D387039129C3A55F004A8058 /* ViewControllers */,
				D387037C29C399A6004A8058 /* Views */,
			);
			path = ComprasUSA;
			sourceTree = "<group>";
		};
		D387037C29C399A6004A8058 /* Views */ = {
			isa = PBXGroup;
			children = (
				D387037F29C39A59004A8058 /* LaunchScreen.storyboard */,
				D387037D29C399CF004A8058 /* Main.storyboard */,
				D38703A629C3F35F004A8058 /* ToolbarView */,
			);
			path = Views;
			sourceTree = "<group>";
		};
		D387039129C3A55F004A8058 /* ViewControllers */ = {
			isa = PBXGroup;
			children = (
				4E94B7D929C6804600111AC0 /* NewProductViewController.swift */,
				4E94B7DB29C681B700111AC0 /* SettingsViewController.swift */,
				4E94B7DE29C681CA00111AC0 /* ShoppingListViewController.swift */,
				4E94B7E029C681DF00111AC0 /* ShoppingSummaryViewController.swift */,
				4E94B7E729C69EC500111AC0 /* ProductTableViewCell.swift */,
				AF761E3F29D49EB3008DB75F /* StateTableViewCell.swift */,
			);
			path = ViewControllers;
			sourceTree = "<group>";
		};
		D38703A629C3F35F004A8058 /* ToolbarView */ = {
			isa = PBXGroup;
			children = (
				D38703A729C3F39C004A8058 /* ToolbarPickerView.swift */,
			);
			path = ToolbarView;
			sourceTree = "<group>";
		};
/* End PBXGroup section */

/* Begin PBXNativeTarget section */
		D3603AC229C34C3000CE0825 /* ComprasUSA */ = {
			isa = PBXNativeTarget;
			buildConfigurationList = D3603AD729C34C3200CE0825 /* Build configuration list for PBXNativeTarget "ComprasUSA" */;
			buildPhases = (
				D3603ABF29C34C3000CE0825 /* Sources */,
				D3603AC029C34C3000CE0825 /* Frameworks */,
				D3603AC129C34C3000CE0825 /* Resources */,
			);
			buildRules = (
			);
			dependencies = (
			);
			name = ComprasUSA;
			productName = ComprasUSA;
			productReference = D3603AC329C34C3000CE0825 /* ComprasUSA.app */;
			productType = "com.apple.product-type.application";
		};
/* End PBXNativeTarget section */

/* Begin PBXProject section */
		D3603ABB29C34C3000CE0825 /* Project object */ = {
			isa = PBXProject;
			attributes = {
				BuildIndependentTargetsInParallel = 1;
				LastSwiftUpdateCheck = 1420;
				LastUpgradeCheck = 1420;
				TargetAttributes = {
					D3603AC229C34C3000CE0825 = {
						CreatedOnToolsVersion = 14.2;
					};
				};
			};
			buildConfigurationList = D3603ABE29C34C3000CE0825 /* Build configuration list for PBXProject "ComprasUSA" */;
			compatibilityVersion = "Xcode 14.0";
			developmentRegion = en;
			hasScannedForEncodings = 0;
			knownRegions = (
				en,
				Base,
			);
			mainGroup = D3603ABA29C34C3000CE0825;
			productRefGroup = D3603AC429C34C3000CE0825 /* Products */;
			projectDirPath = "";
			projectRoot = "";
			targets = (
				D3603AC229C34C3000CE0825 /* ComprasUSA */,
			);
		};
/* End PBXProject section */

/* Begin PBXResourcesBuildPhase section */
		D3603AC129C34C3000CE0825 /* Resources */ = {
			isa = PBXResourcesBuildPhase;
			buildActionMask = 2147483647;
			files = (
				D387037E29C399CF004A8058 /* Main.storyboard in Resources */,
				D3603AD029C34C3200CE0825 /* Assets.xcassets in Resources */,
				D387038029C39A59004A8058 /* LaunchScreen.storyboard in Resources */,
			);
			runOnlyForDeploymentPostprocessing = 0;
		};
/* End PBXResourcesBuildPhase section */

/* Begin PBXSourcesBuildPhase section */
		D3603ABF29C34C3000CE0825 /* Sources */ = {
			isa = PBXSourcesBuildPhase;
			buildActionMask = 2147483647;
			files = (
				AF761E4029D49EB3008DB75F /* StateTableViewCell.swift in Sources */,
				D3603AC729C34C3000CE0825 /* AppDelegate.swift in Sources */,
				4E94B80B29CD1A5300111AC0 /* StateValidator.swift in Sources */,
				D38703A829C3F39C004A8058 /* ToolbarPickerView.swift in Sources */,
				4E94B7E129C681DF00111AC0 /* ShoppingSummaryViewController.swift in Sources */,
				4E94B7DC29C681B700111AC0 /* SettingsViewController.swift in Sources */,
				4E94B80729CD19FA00111AC0 /* Validator.swift in Sources */,
				4E94B80929CD1A2F00111AC0 /* ProductValidator.swift in Sources */,
				4E94B7DF29C681CA00111AC0 /* ShoppingListViewController.swift in Sources */,
				4E94B7E429C68E7E00111AC0 /* UITableViewExtension.swift in Sources */,
				4E94B7E829C69EC500111AC0 /* ProductTableViewCell.swift in Sources */,
				4E94B80429CD16A600111AC0 /* UIViewControllerExtension.swift in Sources */,
				4E94B7EC29C6A6BA00111AC0 /* ShoppingList.xcdatamodeld in Sources */,
				4E94B7DA29C6804600111AC0 /* NewProductViewController.swift in Sources */,
				4E94B80F29CD1D8600111AC0 /* Alert.swift in Sources */,
				4E94B81129CD349100111AC0 /* Entities.swift in Sources */,
				D3603AC929C34C3000CE0825 /* SceneDelegate.swift in Sources */,
			);
			runOnlyForDeploymentPostprocessing = 0;
		};
/* End PBXSourcesBuildPhase section */

/* Begin XCBuildConfiguration section */
		D3603AD529C34C3200CE0825 /* Debug */ = {
			isa = XCBuildConfiguration;
			buildSettings = {
				ALWAYS_SEARCH_USER_PATHS = NO;
				CLANG_ANALYZER_NONNULL = YES;
				CLANG_ANALYZER_NUMBER_OBJECT_CONVERSION = YES_AGGRESSIVE;
				CLANG_CXX_LANGUAGE_STANDARD = "gnu++20";
				CLANG_ENABLE_MODULES = YES;
				CLANG_ENABLE_OBJC_ARC = YES;
				CLANG_ENABLE_OBJC_WEAK = YES;
				CLANG_WARN_BLOCK_CAPTURE_AUTORELEASING = YES;
				CLANG_WARN_BOOL_CONVERSION = YES;
				CLANG_WARN_COMMA = YES;
				CLANG_WARN_CONSTANT_CONVERSION = YES;
				CLANG_WARN_DEPRECATED_OBJC_IMPLEMENTATIONS = YES;
				CLANG_WARN_DIRECT_OBJC_ISA_USAGE = YES_ERROR;
				CLANG_WARN_DOCUMENTATION_COMMENTS = YES;
				CLANG_WARN_EMPTY_BODY = YES;
				CLANG_WARN_ENUM_CONVERSION = YES;
				CLANG_WARN_INFINITE_RECURSION = YES;
				CLANG_WARN_INT_CONVERSION = YES;
				CLANG_WARN_NON_LITERAL_NULL_CONVERSION = YES;
				CLANG_WARN_OBJC_IMPLICIT_RETAIN_SELF = YES;
				CLANG_WARN_OBJC_LITERAL_CONVERSION = YES;
				CLANG_WARN_OBJC_ROOT_CLASS = YES_ERROR;
				CLANG_WARN_QUOTED_INCLUDE_IN_FRAMEWORK_HEADER = YES;
				CLANG_WARN_RANGE_LOOP_ANALYSIS = YES;
				CLANG_WARN_STRICT_PROTOTYPES = YES;
				CLANG_WARN_SUSPICIOUS_MOVE = YES;
				CLANG_WARN_UNGUARDED_AVAILABILITY = YES_AGGRESSIVE;
				CLANG_WARN_UNREACHABLE_CODE = YES;
				CLANG_WARN__DUPLICATE_METHOD_MATCH = YES;
				COPY_PHASE_STRIP = NO;
				DEBUG_INFORMATION_FORMAT = dwarf;
				ENABLE_STRICT_OBJC_MSGSEND = YES;
				ENABLE_TESTABILITY = YES;
				GCC_C_LANGUAGE_STANDARD = gnu11;
				GCC_DYNAMIC_NO_PIC = NO;
				GCC_NO_COMMON_BLOCKS = YES;
				GCC_OPTIMIZATION_LEVEL = 0;
				GCC_PREPROCESSOR_DEFINITIONS = (
					"DEBUG=1",
					"$(inherited)",
				);
				GCC_WARN_64_TO_32_BIT_CONVERSION = YES;
				GCC_WARN_ABOUT_RETURN_TYPE = YES_ERROR;
				GCC_WARN_UNDECLARED_SELECTOR = YES;
				GCC_WARN_UNINITIALIZED_AUTOS = YES_AGGRESSIVE;
				GCC_WARN_UNUSED_FUNCTION = YES;
				GCC_WARN_UNUSED_VARIABLE = YES;
				IPHONEOS_DEPLOYMENT_TARGET = 16.2;
				MTL_ENABLE_DEBUG_INFO = INCLUDE_SOURCE;
				MTL_FAST_MATH = YES;
				ONLY_ACTIVE_ARCH = YES;
				SDKROOT = iphoneos;
				SWIFT_ACTIVE_COMPILATION_CONDITIONS = DEBUG;
				SWIFT_OPTIMIZATION_LEVEL = "-Onone";
			};
			name = Debug;
		};
		D3603AD629C34C3200CE0825 /* Release */ = {
			isa = XCBuildConfiguration;
			buildSettings = {
				ALWAYS_SEARCH_USER_PATHS = NO;
				CLANG_ANALYZER_NONNULL = YES;
				CLANG_ANALYZER_NUMBER_OBJECT_CONVERSION = YES_AGGRESSIVE;
				CLANG_CXX_LANGUAGE_STANDARD = "gnu++20";
				CLANG_ENABLE_MODULES = YES;
				CLANG_ENABLE_OBJC_ARC = YES;
				CLANG_ENABLE_OBJC_WEAK = YES;
				CLANG_WARN_BLOCK_CAPTURE_AUTORELEASING = YES;
				CLANG_WARN_BOOL_CONVERSION = YES;
				CLANG_WARN_COMMA = YES;
				CLANG_WARN_CONSTANT_CONVERSION = YES;
				CLANG_WARN_DEPRECATED_OBJC_IMPLEMENTATIONS = YES;
				CLANG_WARN_DIRECT_OBJC_ISA_USAGE = YES_ERROR;
				CLANG_WARN_DOCUMENTATION_COMMENTS = YES;
				CLANG_WARN_EMPTY_BODY = YES;
				CLANG_WARN_ENUM_CONVERSION = YES;
				CLANG_WARN_INFINITE_RECURSION = YES;
				CLANG_WARN_INT_CONVERSION = YES;
				CLANG_WARN_NON_LITERAL_NULL_CONVERSION = YES;
				CLANG_WARN_OBJC_IMPLICIT_RETAIN_SELF = YES;
				CLANG_WARN_OBJC_LITERAL_CONVERSION = YES;
				CLANG_WARN_OBJC_ROOT_CLASS = YES_ERROR;
				CLANG_WARN_QUOTED_INCLUDE_IN_FRAMEWORK_HEADER = YES;
				CLANG_WARN_RANGE_LOOP_ANALYSIS = YES;
				CLANG_WARN_STRICT_PROTOTYPES = YES;
				CLANG_WARN_SUSPICIOUS_MOVE = YES;
				CLANG_WARN_UNGUARDED_AVAILABILITY = YES_AGGRESSIVE;
				CLANG_WARN_UNREACHABLE_CODE = YES;
				CLANG_WARN__DUPLICATE_METHOD_MATCH = YES;
				COPY_PHASE_STRIP = NO;
				DEBUG_INFORMATION_FORMAT = "dwarf-with-dsym";
				ENABLE_NS_ASSERTIONS = NO;
				ENABLE_STRICT_OBJC_MSGSEND = YES;
				GCC_C_LANGUAGE_STANDARD = gnu11;
				GCC_NO_COMMON_BLOCKS = YES;
				GCC_WARN_64_TO_32_BIT_CONVERSION = YES;
				GCC_WARN_ABOUT_RETURN_TYPE = YES_ERROR;
				GCC_WARN_UNDECLARED_SELECTOR = YES;
				GCC_WARN_UNINITIALIZED_AUTOS = YES_AGGRESSIVE;
				GCC_WARN_UNUSED_FUNCTION = YES;
				GCC_WARN_UNUSED_VARIABLE = YES;
				IPHONEOS_DEPLOYMENT_TARGET = 16.2;
				MTL_ENABLE_DEBUG_INFO = NO;
				MTL_FAST_MATH = YES;
				SDKROOT = iphoneos;
				SWIFT_COMPILATION_MODE = wholemodule;
				SWIFT_OPTIMIZATION_LEVEL = "-O";
				VALIDATE_PRODUCT = YES;
			};
			name = Release;
		};
		D3603AD829C34C3200CE0825 /* Debug */ = {
			isa = XCBuildConfiguration;
			buildSettings = {
				ASSETCATALOG_COMPILER_APPICON_NAME = AppIcon;
				ASSETCATALOG_COMPILER_GLOBAL_ACCENT_COLOR_NAME = AccentColor;
				CODE_SIGN_STYLE = Automatic;
				CURRENT_PROJECT_VERSION = 1;
				GENERATE_INFOPLIST_FILE = YES;
				INFOPLIST_FILE = ComprasUSA/Info.plist;
				INFOPLIST_KEY_UIApplicationSupportsIndirectInputEvents = YES;
				INFOPLIST_KEY_UILaunchStoryboardName = LaunchScreen;
				INFOPLIST_KEY_UIMainStoryboardFile = Main;
				INFOPLIST_KEY_UISupportedInterfaceOrientations = UIInterfaceOrientationPortrait;
				INFOPLIST_KEY_UISupportedInterfaceOrientations_iPad = "UIInterfaceOrientationLandscapeLeft UIInterfaceOrientationLandscapeRight UIInterfaceOrientationPortrait UIInterfaceOrientationPortraitUpsideDown";
				IPHONEOS_DEPLOYMENT_TARGET = 14.3;
				LD_RUNPATH_SEARCH_PATHS = (
					"$(inherited)",
					"@executable_path/Frameworks",
				);
				MARKETING_VERSION = 1.0;
				PRODUCT_BUNDLE_IDENTIFIER = com.michellesinibaldi.ComprasUSA;
				PRODUCT_NAME = "$(TARGET_NAME)";
				SUPPORTED_PLATFORMS = "iphoneos iphonesimulator";
				SUPPORTS_MACCATALYST = NO;
				SUPPORTS_MAC_DESIGNED_FOR_IPHONE_IPAD = NO;
				SWIFT_EMIT_LOC_STRINGS = YES;
				SWIFT_VERSION = 5.0;
				TARGETED_DEVICE_FAMILY = 1;
			};
			name = Debug;
		};
		D3603AD929C34C3200CE0825 /* Release */ = {
			isa = XCBuildConfiguration;
			buildSettings = {
				ASSETCATALOG_COMPILER_APPICON_NAME = AppIcon;
				ASSETCATALOG_COMPILER_GLOBAL_ACCENT_COLOR_NAME = AccentColor;
				CODE_SIGN_STYLE = Automatic;
				CURRENT_PROJECT_VERSION = 1;
				GENERATE_INFOPLIST_FILE = YES;
				INFOPLIST_FILE = ComprasUSA/Info.plist;
				INFOPLIST_KEY_UIApplicationSupportsIndirectInputEvents = YES;
				INFOPLIST_KEY_UILaunchStoryboardName = LaunchScreen;
				INFOPLIST_KEY_UIMainStoryboardFile = Main;
				INFOPLIST_KEY_UISupportedInterfaceOrientations = UIInterfaceOrientationPortrait;
				INFOPLIST_KEY_UISupportedInterfaceOrientations_iPad = "UIInterfaceOrientationLandscapeLeft UIInterfaceOrientationLandscapeRight UIInterfaceOrientationPortrait UIInterfaceOrientationPortraitUpsideDown";
				IPHONEOS_DEPLOYMENT_TARGET = 14.3;
				LD_RUNPATH_SEARCH_PATHS = (
					"$(inherited)",
					"@executable_path/Frameworks",
				);
				MARKETING_VERSION = 1.0;
				PRODUCT_BUNDLE_IDENTIFIER = com.michellesinibaldi.ComprasUSA;
				PRODUCT_NAME = "$(TARGET_NAME)";
				SUPPORTED_PLATFORMS = "iphoneos iphonesimulator";
				SUPPORTS_MACCATALYST = NO;
				SUPPORTS_MAC_DESIGNED_FOR_IPHONE_IPAD = NO;
				SWIFT_EMIT_LOC_STRINGS = YES;
				SWIFT_VERSION = 5.0;
				TARGETED_DEVICE_FAMILY = 1;
			};
			name = Release;
		};
/* End XCBuildConfiguration section */

/* Begin XCConfigurationList section */
		D3603ABE29C34C3000CE0825 /* Build configuration list for PBXProject "ComprasUSA" */ = {
			isa = XCConfigurationList;
			buildConfigurations = (
				D3603AD529C34C3200CE0825 /* Debug */,
				D3603AD629C34C3200CE0825 /* Release */,
			);
			defaultConfigurationIsVisible = 0;
			defaultConfigurationName = Release;
		};
		D3603AD729C34C3200CE0825 /* Build configuration list for PBXNativeTarget "ComprasUSA" */ = {
			isa = XCConfigurationList;
			buildConfigurations = (
				D3603AD829C34C3200CE0825 /* Debug */,
				D3603AD929C34C3200CE0825 /* Release */,
			);
			defaultConfigurationIsVisible = 0;
			defaultConfigurationName = Release;
		};
/* End XCConfigurationList section */

/* Begin XCVersionGroup section */
		4E94B7EA29C6A6BA00111AC0 /* ShoppingList.xcdatamodeld */ = {
			isa = XCVersionGroup;
			children = (
				4E94B7EB29C6A6BA00111AC0 /* ShoppingList.xcdatamodel */,
			);
			currentVersion = 4E94B7EB29C6A6BA00111AC0 /* ShoppingList.xcdatamodel */;
			path = ShoppingList.xcdatamodeld;
			sourceTree = "<group>";
			versionGroupType = wrapper.xcdatamodel;
		};
/* End XCVersionGroup section */
	};
	rootObject = D3603ABB29C34C3000CE0825 /* Project object */;
}
